
Microsoft Visual Studio Solution File, Format Version 12.00
# Visual Studio Version 17
VisualStudioVersion = 17.1.32421.90
MinimumVisualStudioVersion = 10.0.40219.1
Project("{9A19103F-16F7-4668-BE54-9A1E7A4F7556}") = "V-Speeds", "V-Speeds\V-Speeds.csproj", "{5515F797-A1F5-4280-B77A-E22F25AD58FF}"
EndProject
Project("{9A19103F-16F7-4668-BE54-9A1E7A4F7556}") = "V-Speeds Tester", "V-Speeds Tester\V-Speeds Tester.csproj", "{CC8C081A-BBCC-46C9-88E3-5228EFD12BB5}"
EndProject
Project("{9A19103F-16F7-4668-BE54-9A1E7A4F7556}") = "V-Speeds Observer Pattern", "V-Speeds Observer Pattern\V-Speeds Observer Pattern.csproj", "{C01B9C63-3109-4A04-BFD3-F309F72177B6}"
EndProject
Project("{9A19103F-16F7-4668-BE54-9A1E7A4F7556}") = "V-Speeds API", "V-Speeds API\V-Speeds API.csproj", "{0E2F6CCC-5060-4613-9B19-71188B558FA1}"
EndProject
Global
	GlobalSection(SolutionConfigurationPlatforms) = preSolution
		Debug|Any CPU = Debug|Any CPU
		Release|Any CPU = Release|Any CPU
	EndGlobalSection
	GlobalSection(ProjectConfigurationPlatforms) = postSolution
		{5515F797-A1F5-4280-B77A-E22F25AD58FF}.Debug|Any CPU.ActiveCfg = Debug|Any CPU
		{5515F797-A1F5-4280-B77A-E22F25AD58FF}.Debug|Any CPU.Build.0 = Debug|Any CPU
		{5515F797-A1F5-4280-B77A-E22F25AD58FF}.Release|Any CPU.ActiveCfg = Release|Any CPU
		{5515F797-A1F5-4280-B77A-E22F25AD58FF}.Release|Any CPU.Build.0 = Release|Any CPU
		{CC8C081A-BBCC-46C9-88E3-5228EFD12BB5}.Debug|Any CPU.ActiveCfg = Debug|Any CPU
		{CC8C081A-BBCC-46C9-88E3-5228EFD12BB5}.Debug|Any CPU.Build.0 = Debug|Any CPU
		{CC8C081A-BBCC-46C9-88E3-5228EFD12BB5}.Release|Any CPU.ActiveCfg = Release|Any CPU
		{CC8C081A-BBCC-46C9-88E3-5228EFD12BB5}.Release|Any CPU.Build.0 = Release|Any CPU
		{C01B9C63-3109-4A04-BFD3-F309F72177B6}.Debug|Any CPU.ActiveCfg = Debug|Any CPU
		{C01B9C63-3109-4A04-BFD3-F309F72177B6}.Debug|Any CPU.Build.0 = Debug|Any CPU
		{C01B9C63-3109-4A04-BFD3-F309F72177B6}.Release|Any CPU.ActiveCfg = Release|Any CPU
		{C01B9C63-3109-4A04-BFD3-F309F72177B6}.Release|Any CPU.Build.0 = Release|Any CPU
		{0E2F6CCC-5060-4613-9B19-71188B558FA1}.Debug|Any CPU.ActiveCfg = Debug|Any CPU
		{0E2F6CCC-5060-4613-9B19-71188B558FA1}.Debug|Any CPU.Build.0 = Debug|Any CPU
		{0E2F6CCC-5060-4613-9B19-71188B558FA1}.Release|Any CPU.ActiveCfg = Release|Any CPU
		{0E2F6CCC-5060-4613-9B19-71188B558FA1}.Release|Any CPU.Build.0 = Release|Any CPU
	EndGlobalSection
	GlobalSection(SolutionProperties) = preSolution
		HideSolutionNode = FALSE
	EndGlobalSection
	GlobalSection(ExtensibilityGlobals) = postSolution
		SolutionGuid = {9A8CFB96-5276-4010-AAE9-9E60A0D1BCDA}
	EndGlobalSection
EndGlobal
